
Microsoft Visual Studio Solution File, Format Version 12.00
# Visual Studio Version 16
VisualStudioVersion = 16.0.29613.14
MinimumVisualStudioVersion = 10.0.40219.1
Project("{8BC9CEB8-8B4A-11D0-8D11-00A0C91BC942}") = "SSEDisplayTweaks_1_5_97", "SSETweaks\SSETweaks_1_5_97.vcxproj", "{AD6B6406-5132-4EB0-B8C7-3882681FBE5E}"
EndProject
Project("{8BC9CEB8-8B4A-11D0-8D11-00A0C91BC942}") = "DirectXTK_Desktop_2017_Win10", "..\DirectXTK\DirectXTK_Desktop_2017_Win10.vcxproj", "{E0B52AE7-E160-4D32-BF3F-910B785E5A8E}"
EndProject
Project("{8BC9CEB8-8B4A-11D0-8D11-00A0C91BC942}") = "sse-build-resources", "..\sse-build-resources\sse-build-resources.vcxproj", "{C59E5569-E3F3-4DA5-8313-12D90229B8C0}"
EndProject
Project("{8BC9CEB8-8B4A-11D0-8D11-00A0C91BC942}") = "common_1_5_97_vc14", "..\sse-build-resources\skse64\common\common_vc14.vcxproj", "{472E19AB-DEF0-42DF-819B-18722E8DC822}"
EndProject
Project("{8BC9CEB8-8B4A-11D0-8D11-00A0C91BC942}") = "skse64_1_5_97_common", "..\sse-build-resources\skse64\skse64\skse64_common\skse64_common.vcxproj", "{5FD1C08D-DB80-480C-A1C6-F0920005CD13}"
EndProject
Global
	GlobalSection(SolutionConfigurationPlatforms) = preSolution
		Debug|x64 = Debug|x64
		DeployRelease|x64 = DeployRelease|x64
		PreRelease|x64 = PreRelease|x64
		Release|x64 = Release|x64
		ReleaseAVX2|x64 = ReleaseAVX2|x64
	EndGlobalSection
	GlobalSection(ProjectConfigurationPlatforms) = postSolution
		{AD6B6406-5132-4EB0-B8C7-3882681FBE5E}.Debug|x64.ActiveCfg = Debug|x64
		{AD6B6406-5132-4EB0-B8C7-3882681FBE5E}.Debug|x64.Build.0 = Debug|x64
		{AD6B6406-5132-4EB0-B8C7-3882681FBE5E}.DeployRelease|x64.ActiveCfg = Release|x64
		{AD6B6406-5132-4EB0-B8C7-3882681FBE5E}.DeployRelease|x64.Build.0 = Release|x64
		{AD6B6406-5132-4EB0-B8C7-3882681FBE5E}.PreRelease|x64.ActiveCfg = PreRelease|x64
		{AD6B6406-5132-4EB0-B8C7-3882681FBE5E}.PreRelease|x64.Build.0 = PreRelease|x64
		{AD6B6406-5132-4EB0-B8C7-3882681FBE5E}.Release|x64.ActiveCfg = Release|x64
		{AD6B6406-5132-4EB0-B8C7-3882681FBE5E}.Release|x64.Build.0 = Release|x64
		{AD6B6406-5132-4EB0-B8C7-3882681FBE5E}.ReleaseAVX2|x64.ActiveCfg = ReleaseAVX2|x64
		{AD6B6406-5132-4EB0-B8C7-3882681FBE5E}.ReleaseAVX2|x64.Build.0 = ReleaseAVX2|x64
		{E0B52AE7-E160-4D32-BF3F-910B785E5A8E}.Debug|x64.ActiveCfg = Debug|x64
		{E0B52AE7-E160-4D32-BF3F-910B785E5A8E}.Debug|x64.Build.0 = Debug|x64
		{E0B52AE7-E160-4D32-BF3F-910B785E5A8E}.DeployRelease|x64.ActiveCfg = Release|x64
		{E0B52AE7-E160-4D32-BF3F-910B785E5A8E}.DeployRelease|x64.Build.0 = Release|x64
		{E0B52AE7-E160-4D32-BF3F-910B785E5A8E}.PreRelease|x64.ActiveCfg = PreRelease|x64
		{E0B52AE7-E160-4D32-BF3F-910B785E5A8E}.PreRelease|x64.Build.0 = PreRelease|x64
		{E0B52AE7-E160-4D32-BF3F-910B785E5A8E}.Release|x64.ActiveCfg = Release|x64
		{E0B52AE7-E160-4D32-BF3F-910B785E5A8E}.Release|x64.Build.0 = Release|x64
		{E0B52AE7-E160-4D32-BF3F-910B785E5A8E}.ReleaseAVX2|x64.ActiveCfg = ReleaseAVX2|x64
		{E0B52AE7-E160-4D32-BF3F-910B785E5A8E}.ReleaseAVX2|x64.Build.0 = ReleaseAVX2|x64
		{C59E5569-E3F3-4DA5-8313-12D90229B8C0}.Debug|x64.ActiveCfg = Debug|x64
		{C59E5569-E3F3-4DA5-8313-12D90229B8C0}.Debug|x64.Build.0 = Debug|x64
		{C59E5569-E3F3-4DA5-8313-12D90229B8C0}.DeployRelease|x64.ActiveCfg = Release|x64
		{C59E5569-E3F3-4DA5-8313-12D90229B8C0}.DeployRelease|x64.Build.0 = Release|x64
		{C59E5569-E3F3-4DA5-8313-12D90229B8C0}.PreRelease|x64.ActiveCfg = PreRelease|x64
		{C59E5569-E3F3-4DA5-8313-12D90229B8C0}.PreRelease|x64.Build.0 = PreRelease|x64
		{C59E5569-E3F3-4DA5-8313-12D90229B8C0}.Release|x64.ActiveCfg = Release|x64
		{C59E5569-E3F3-4DA5-8313-12D90229B8C0}.Release|x64.Build.0 = Release|x64
		{C59E5569-E3F3-4DA5-8313-12D90229B8C0}.ReleaseAVX2|x64.ActiveCfg = ReleaseAVX2|x64
		{C59E5569-E3F3-4DA5-8313-12D90229B8C0}.ReleaseAVX2|x64.Build.0 = ReleaseAVX2|x64
		{472E19AB-DEF0-42DF-819B-18722E8DC822}.Debug|x64.ActiveCfg = Debug|x64
		{472E19AB-DEF0-42DF-819B-18722E8DC822}.Debug|x64.Build.0 = Debug|x64
		{472E19AB-DEF0-42DF-819B-18722E8DC822}.DeployRelease|x64.ActiveCfg = DeployRelease|x64
		{472E19AB-DEF0-42DF-819B-18722E8DC822}.DeployRelease|x64.Build.0 = DeployRelease|x64
		{472E19AB-DEF0-42DF-819B-18722E8DC822}.PreRelease|x64.ActiveCfg = PreRelease|x64
		{472E19AB-DEF0-42DF-819B-18722E8DC822}.PreRelease|x64.Build.0 = PreRelease|x64
		{472E19AB-DEF0-42DF-819B-18722E8DC822}.Release|x64.ActiveCfg = Release|x64
		{472E19AB-DEF0-42DF-819B-18722E8DC822}.Release|x64.Build.0 = Release|x64
		{472E19AB-DEF0-42DF-819B-18722E8DC822}.ReleaseAVX2|x64.ActiveCfg = ReleaseAVX2|x64
		{472E19AB-DEF0-42DF-819B-18722E8DC822}.ReleaseAVX2|x64.Build.0 = ReleaseAVX2|x64
		{5FD1C08D-DB80-480C-A1C6-F0920005CD13}.Debug|x64.ActiveCfg = Debug|x64
		{5FD1C08D-DB80-480C-A1C6-F0920005CD13}.Debug|x64.Build.0 = Debug|x64
		{5FD1C08D-DB80-480C-A1C6-F0920005CD13}.DeployRelease|x64.ActiveCfg = DeployRelease|x64
		{5FD1C08D-DB80-480C-A1C6-F0920005CD13}.DeployRelease|x64.Build.0 = DeployRelease|x64
		{5FD1C08D-DB80-480C-A1C6-F0920005CD13}.PreRelease|x64.ActiveCfg = PreRelease|x64
		{5FD1C08D-DB80-480C-A1C6-F0920005CD13}.PreRelease|x64.Build.0 = PreRelease|x64
		{5FD1C08D-DB80-480C-A1C6-F0920005CD13}.Release|x64.ActiveCfg = Release|x64
		{5FD1C08D-DB80-480C-A1C6-F0920005CD13}.Release|x64.Build.0 = Release|x64
		{5FD1C08D-DB80-480C-A1C6-F0920005CD13}.ReleaseAVX2|x64.ActiveCfg = ReleaseAVX2|x64
		{5FD1C08D-DB80-480C-A1C6-F0920005CD13}.ReleaseAVX2|x64.Build.0 = ReleaseAVX2|x64
	EndGlobalSection
	GlobalSection(SolutionProperties) = preSolution
		HideSolutionNode = FALSE
	EndGlobalSection
	GlobalSection(ExtensibilityGlobals) = postSolution
		SolutionGuid = {293645D4-AA2E-42C6-AB43-09B5D3C9DC70}
	EndGlobalSection
EndGlobal
